{
  "name": "joint.js-test",
  "version": "1.0.0",
  "lockfileVersion": 1,
  "requires": true,
  "dependencies": {
    "appjs-win32": {
      "version": "0.0.19",
      "resolved": "https://registry.npmjs.org/appjs-win32/-/appjs-win32-0.0.19.tgz",
      "integrity": "sha1-i5CVTVcjuB1pU5sqH4xO4MG7o9w="
    }
  }
}
